
Microsoft Visual Studio Solution File, Format Version 12.00
# Visual Studio Version 17
VisualStudioVersion = 17.14.36705.20 d17.14
MinimumVisualStudioVersion = 10.0.40219.1
Project("{FAE04EC0-301F-11D3-BF4B-00C04F79EFBC}") = "BookStore.API", "BookStore.API\BookStore.API.csproj", "{02B8EABA-34D6-4CDF-A089-311416553A4F}"
EndProject
Project("{FAE04EC0-301F-11D3-BF4B-00C04F79EFBC}") = "BookStore.Application", "BookStore.Application\BookStore.Application.csproj", "{A8FC9B8F-C815-476D-BD6B-C4C4DF80EE9D}"
EndProject
Project("{FAE04EC0-301F-11D3-BF4B-00C04F79EFBC}") = "BookStore.Domain", "BookStore.Domain\BookStore.Domain.csproj", "{77421BB7-EB76-4F90-AD0E-89374EC027E8}"
EndProject
Project("{FAE04EC0-301F-11D3-BF4B-00C04F79EFBC}") = "BookStore.Infrastructure", "BookStore.Infrastructure\BookStore.Infrastructure.csproj", "{981ED7EB-A5AC-4D15-893A-42BF1C9AC0BB}"
EndProject
Project("{2150E333-8FDC-42A3-9474-1A3956D46DE8}") = "Solution Items", "Solution Items", "{02EA681E-C7D8-13C7-8484-4AC65E1B71E8}"
EndProject
Global
	GlobalSection(SolutionConfigurationPlatforms) = preSolution
		Debug|Any CPU = Debug|Any CPU
		Release|Any CPU = Release|Any CPU
	EndGlobalSection
	GlobalSection(ProjectConfigurationPlatforms) = postSolution
		{02B8EABA-34D6-4CDF-A089-311416553A4F}.Debug|Any CPU.ActiveCfg = Debug|Any CPU
		{02B8EABA-34D6-4CDF-A089-311416553A4F}.Debug|Any CPU.Build.0 = Debug|Any CPU
		{02B8EABA-34D6-4CDF-A089-311416553A4F}.Release|Any CPU.ActiveCfg = Release|Any CPU
		{02B8EABA-34D6-4CDF-A089-311416553A4F}.Release|Any CPU.Build.0 = Release|Any CPU
		{A8FC9B8F-C815-476D-BD6B-C4C4DF80EE9D}.Debug|Any CPU.ActiveCfg = Debug|Any CPU
		{A8FC9B8F-C815-476D-BD6B-C4C4DF80EE9D}.Debug|Any CPU.Build.0 = Debug|Any CPU
		{A8FC9B8F-C815-476D-BD6B-C4C4DF80EE9D}.Release|Any CPU.ActiveCfg = Release|Any CPU
		{A8FC9B8F-C815-476D-BD6B-C4C4DF80EE9D}.Release|Any CPU.Build.0 = Release|Any CPU
		{77421BB7-EB76-4F90-AD0E-89374EC027E8}.Debug|Any CPU.ActiveCfg = Debug|Any CPU
		{77421BB7-EB76-4F90-AD0E-89374EC027E8}.Debug|Any CPU.Build.0 = Debug|Any CPU
		{77421BB7-EB76-4F90-AD0E-89374EC027E8}.Release|Any CPU.ActiveCfg = Release|Any CPU
		{77421BB7-EB76-4F90-AD0E-89374EC027E8}.Release|Any CPU.Build.0 = Release|Any CPU
		{981ED7EB-A5AC-4D15-893A-42BF1C9AC0BB}.Debug|Any CPU.ActiveCfg = Debug|Any CPU
		{981ED7EB-A5AC-4D15-893A-42BF1C9AC0BB}.Debug|Any CPU.Build.0 = Debug|Any CPU
		{981ED7EB-A5AC-4D15-893A-42BF1C9AC0BB}.Release|Any CPU.ActiveCfg = Release|Any CPU
		{981ED7EB-A5AC-4D15-893A-42BF1C9AC0BB}.Release|Any CPU.Build.0 = Release|Any CPU
	EndGlobalSection
	GlobalSection(SolutionProperties) = preSolution
		HideSolutionNode = FALSE
	EndGlobalSection
	GlobalSection(ExtensibilityGlobals) = postSolution
		SolutionGuid = {B23628AC-C0F2-44A2-A799-523C8B89B27F}
	EndGlobalSection
EndGlobal
